{
  "name": "@karais89/xacc",
  "version": "0.1.4",
  "lockfileVersion": 3,
  "requires": true,
  "packages": {
    "": {
      "name": "@karais89/xacc",
      "version": "0.1.4",
      "license": "MIT",
      "bin": {
        "xacc": "bin/xacc.js"
      },
      "engines": {
        "node": ">=18"
      }
    }
  }
}
